github.com/TwiN/go-color v1.1.0 h1:yhLAHgjp2iAxmNjDiVb6Z073NE65yoaPlcki1Q22yyQ=
github.com/TwiN/go-color v1.1.0/go.mod h1:aKVf4e1mD4ai2FtPifkDPP5iyoCwiK08YGzGwerjKo0=
github.com/VividCortex/ewma v1.2.0 h1:f58SaIzcDXrSy3kWaHNvuJgJ3Nmz59Zji6XoJR/q1ow=
github.com/VividCortex/ewma v1.2.0/go.mod h1:nz4BbCtbLyFDeC9SUHbtcT5644juEuWfUAUnGx7j5l4=
github.com/acarl005/stripansi v0.0.0-20180116102854-5a71ef0e047d h1:licZJFw2RwpHMqeKTCYkitsPqHNxTmd4SNR5r94FGM8=
github.com/acarl005/stripansi v0.0.0-20180116102854-5a71ef0e047d/go.mod h1:asat636LX7Bqt5lYEZ27JNDcqxfjdBQuJ/MM4CN/Lzo=
github.com/aws/aws-sdk-go-v2 v1.16.3 h1:0W1TSJ7O6OzwuEvIXAtJGvOeQ0SGAhcpxPN2/NK5EhM=
github.com/aws/aws-sdk-go-v2 v1.16.3/go.mod h1:ytwTPBG6fXTZLxxeeCCWj2/EMYp/xDUgX+OET6TLNNU=
github.com/aws/aws-sdk-go-v2/aws/protocol/eventstream v1.4.1 h1:SdK4Ppk5IzLs64ZMvr6MrSficMtjY2oS0WOORXTlxwU=
github.com/aws/aws-sdk-go-v2/aws/protocol/eventstream v1.4.1/go.mod h1:n8Bs1ElDD2wJ9kCRTczA83gYbBmjSwZp3umc6zF4EeM=
github.com/aws/aws-sdk-go-v2/config v1.15.6 h1:0pItK5GGqDG3Ndu+PiniN4f3X5QABBxI/zHP/z9px6g=
github.com/aws/aws-sdk-go-v2/config v1.15.6/go.mod h1:EvBVTxF6CxlM/U94C4TYh0zuJIHOjkAtMg1LFISNzGY=
github.com/aws/aws-sdk-go-v2/credentials v1.12.1 h1:ZrLRNXSHVKfIEtE/Omy4sm3MCttO01/hcAezccZMdFs=
github.com/aws/aws-sdk-go-v2/credentials v1.12.1/go.mod h1:vwCvnQKZoz/lLFkokOpHCWaoftee+ATlpx6XZS0ACn0=
github.com/aws/aws-sdk-go-v2/feature/ec2/imds v1.12.4 h1:FP8gquGeGHHdfY6G5llaMQDF+HAf20VKc8opRwmjf04=
github.com/aws/aws-sdk-go-v2/feature/ec2/imds v1.12.4/go.mod h1:u/s5/Z+ohUQOPXl00m2yJVyioWDECsbpXTQlaqSlufc=
github.com/aws/aws-sdk-go-v2/internal/configsources v1.1.10 h1:uFWgo6mGJI1n17nbcvSc6fxVuR3xLNqvXt12JCnEcT8=
github.com/aws/aws-sdk-go-v2/internal/configsources v1.1.10/go.mod h1:F+EZtuIwjlv35kRJPyBGcsA4f7bnSoz15zOQ2lJq1Z4=
github.com/aws/aws-sdk-go-v2/internal/endpoints/v2 v2.4.4 h1:cnsvEKSoHN4oAN7spMMr0zhEW2MHnhAVpmqQg8E6UcM=
github.com/aws/aws-sdk-go-v2/internal/endpoints/v2 v2.4.4/go.mod h1:8glyUqVIM4AmeenIsPo0oVh3+NUwnsQml2OFupfQW+0=
github.com/aws/aws-sdk-go-v2/internal/ini v1.3.11 h1:6cZRymlLEIlDTEB0+5+An6Zj1CKt6rSE69tOmFeu1nk=
github.com/aws/aws-sdk-go-v2/internal/ini v1.3.11/go.mod h1:0MR+sS1b/yxsfAPvAESrw8NfwUoxMinDyw6EYR9BS2U=
github.com/aws/aws-sdk-go-v2/internal/v4a v1.0.1 h1:C21IDZCm9Yu5xqjb3fKmxDoYvJXtw1DNlOmLZEIlY1M=
github.com/aws/aws-sdk-go-v2/internal/v4a v1.0.1/go.mod h1:l/BbcfqDCT3hePawhy4ZRtewjtdkl6GWtd9/U+1penQ=
github.com/aws/aws-sdk-go-v2/service/internal/accept-encoding v1.9.1 h1:T4pFel53bkHjL2mMo+4DKE6r6AuoZnM0fg7k1/ratr4=
github.com/aws/aws-sdk-go-v2/service/internal/accept-encoding v1.9.1/go.mod h1:GeUru+8VzrTXV/83XyMJ80KpH8xO89VPoUileyNQ+tc=
github.com/aws/aws-sdk-go-v2/service/internal/checksum v1.1.5 h1:9LSZqt4v1JiehyZTrQnRFf2mY/awmyYNNY/b7zqtduU=
github.com/aws/aws-sdk-go-v2/service/internal/checksum v1.1.5/go.mod h1:S8TVP66AAkMMdYYCNZGvrdEq9YRm+qLXjio4FqRnrEE=
github.com/aws/aws-sdk-go-v2/service/internal/presigned-url v1.9.4 h1:b16QW0XWl0jWjLABFc1A+uh145Oqv+xDcObNk0iQgUk=
github.com/aws/aws-sdk-go-v2/service/internal/presigned-url v1.9.4/go.mod h1:uKkN7qmSIsNJVyMtxNQoCEYMvFEXbOg9fwCJPdfp2u8=
github.com/aws/aws-sdk-go-v2/service/internal/s3shared v1.13.4 h1:RE/DlZLYrz1OOmq8F28IXHLksuuvlpzUbvJ+SESCZBI=
github.com/aws/aws-sdk-go-v2/service/internal/s3shared v1.13.4/go.mod h1:oudbsSdDtazNj47z1ut1n37re9hDsKpk2ZI3v7KSxq0=
github.com/aws/aws-sdk-go-v2/service/s3 v1.26.9 h1:LCQKnopq2t4oQS3VKivlYTzAHCTJZZoQICM9fny7KHY=
github.com/aws/aws-sdk-go-v2/service/s3 v1.26.9/go.mod h1:iMYipLPXlWpBJ0KFX7QJHZ84rBydHBY8as2aQICTPWk=
github.com/aws/aws-sdk-go-v2/service/sso v1.11.4 h1:Uw5wBybFQ1UeA9ts0Y07gbv0ncZnIAyw858tDW0NP2o=
github.com/aws/aws-sdk-go-v2/service/sso v1.11.4/go.mod h1:cPDwJwsP4Kff9mldCXAmddjJL6JGQqtA3Mzer2zyr88=
github.com/aws/aws-sdk-go-v2/service/sts v1.16.5 h1:aEMP+STBsvCY1U/yL4pAqUrU4oFli46AdbCXvVbTiHI=
github.com/aws/aws-sdk-go-v2/service/sts v1.16.5/go.mod h1:lfSYenAXtavyX2A1LsViglqlG9eEFYxNryTZS5rn3QE=
github.com/aws/smithy-go v1.11.2 h1:eG/N+CcUMAvsdffgMvjMKwfyDzIkjM6pfxMJ8Mzc6mE=
github.com/aws/smithy-go v1.11.2/go.mod h1:3xHYmszWVx2c0kIwQeEVf9uSm4fYZt67FBJnwub1bgM=
github.com/cespare/xxhash/v2 v2.1.2 h1:YRXhKfTDauu4ajMg1TPgFO5jnlC2HCbmLXMcTG5cbYE=
github.com/cespare/xxhash/v2 v2.1.2/go.mod h1:VGX0DQ3Q6kWi7AoAeZDth3/j3BFtOZR5XLFGgcrjCOs=
github.com/cpuguy83/go-md2man/v2 v2.0.1 h1:r/myEWzV9lfsM1tFLgDyu0atFtJ1fXn261LKYj/3DxU=
github.com/cpuguy83/go-md2man/v2 v2.0.1/go.mod h1:tgQtvFlXSQOSOSIRvRPT7W67SCa46tRHOmNcaadrF8o=
github.com/davecgh/go-spew v1.1.0/go.mod h1:J7Y8YcW2NihsgmVo/mv3lAwl/skON4iLHjSsI+c5H38=
github.com/davecgh/go-spew v1.1.1 h1:vj9j/u1bqnvCEfJOwUhtlOARqs3+rkHYY13jYWTU97c=
github.com/gabriel-vasile/mimetype v1.4.0 h1:Cn9dkdYsMIu56tGho+fqzh7XmvY2YyGU0FnbhiOsEro=
github.com/gabriel-vasile/mimetype v1.4.0/go.mod h1:fA8fi6KUiG7MgQQ+mEWotXoEOvmxRtOJlERCzSmRvr8=
github.com/google/go-cmp v0.5.7 h1:81/ik6ipDQS2aGcBfIN5dHDB36BwrStyeAQquSYCV4o=
github.com/google/go-cmp v0.5.7/go.mod h1:n+brtR0CgQNWTVd5ZUFpTBC8YFBDLK/h/bpaJ8/DtOE=
github.com/grokify/go-pkce v0.2.0 h1:IwjppAAUnKZuDo2e3S+EKiwXopAc2UHFzoOFbC24bO0=
github.com/grokify/go-pkce v0.2.0/go.mod h1:DABMww8Ue+sVrmOBDrt8dH8iFFUtSfmUCKOS3nh4ye8=
github.com/jmespath/go-jmespath v0.4.0/go.mod h1:T8mJZnbsbmF+m6zOOFylbeCJqk5+pHWvzYPziyZiYoo=
github.com/jmespath/go-jmespath/internal/testify v1.5.1/go.mod h1:L3OGu8Wl2/fWfCI6z80xFu9LTZmf1ZRjMHUOPmWr69U=
github.com/lucsky/cuid v1.2.1 h1:MtJrL2OFhvYufUIn48d35QGXyeTC8tn0upumW9WwTHg=
github.com/lucsky/cuid v1.2.1/go.mod h1:QaaJqckboimOmhRSJXSx/+IT+VTfxfPGSo/6mfgUfmE=
github.com/mattn/go-runewidth v0.0.13 h1:lTGmDsbAYt5DmK6OnoV7EuIF1wEIFAcxld6ypU4OSgU=
github.com/mattn/go-runewidth v0.0.13/go.mod h1:Jdepj2loyihRzMpdS35Xk/zdY8IAYHsh153qUoGf23w=
github.com/pmezard/go-difflib v1.0.0 h1:4DBwDE0NGyQoBHbLQYPwSUPoCMWR5BEzIk/f1lZbAQM=
github.com/pmezard/go-difflib v1.0.0/go.mod h1:iKH77koFhYxTK1pcRnkKkqfTogsbg7gZNVY4sRDYZ/4=
github.com/rivo/uniseg v0.2.0 h1:S1pD9weZBuJdFmowNwbpi7BJ8TNftyUImj/0WQi72jY=
github.com/rivo/uniseg v0.2.0/go.mod h1:J6wj4VEh+S6ZtnVlnTBMWIodfgj8LQOQFoIToxlJtxc=
github.com/russross/blackfriday/v2 v2.1.0 h1:JIOH55/0cWyOuilr9/qlrm0BSXldqnqwMsf35Ld67mk=
github.com/russross/blackfriday/v2 v2.1.0/go.mod h1:+Rmxgy9KzJVeS9/2gXHxylqXiyQDYRxCVz55jmeOWTM=
github.com/samber/lo v1.17.0 h1:fsd4XKg7D3X5mvIGe2WjN0spc5PeMkb03wPPY7mWdtw=
github.com/samber/lo v1.17.0/go.mod h1:2I7tgIv8Q1SG2xEIkRq0F2i2zgxVpnyPOP0d3Gj2r+A=
github.com/stretchr/objx v0.1.0/go.mod h1:HFkY916IF+rwdDfMAkV7OtwuqBVzrE8GR6GFx+wExME=
github.com/stretchr/testify v1.7.0 h1:nwc3DEeHmmLAfoZucVR881uASk0Mfjw8xYJ99tb5CcY=
github.com/thoas/go-funk v0.9.1 h1:O549iLZqPpTUQ10ykd26sZhzD+rmR5pWhuElrhbC20M=
github.com/urfave/cli/v2 v2.4.8 h1:9HuvvddU3oEJr1tJlwUVVsk3snVWMuKSpyAO+SzTNuI=
github.com/urfave/cli/v2 v2.4.8/go.mod h1:oDzoM7pVwz6wHn5ogWgFUU1s4VJayeQS+aEZDqXIEJs=
github.com/vbauerster/mpb/v7 v7.4.1 h1:NhLMWQ3gNg2KJR8oeA9lO8Xvq+eNPmixDmB6JEQOUdA=
github.com/vbauerster/mpb/v7 v7.4.1/go.mod h1:Ygg2mV9Vj9sQBWqsK2m2pidcf9H3s6bNKtqd3/M4gBo=
golang.org/x/exp v0.0.0-20220303212507-bbda1eaf7a17 h1:3MTrJm4PyNL9NBqvYDSj3DHl46qQakyfqfWo4jgfaEM=
golang.org/x/exp v0.0.0-20220303212507-bbda1eaf7a17/go.mod h1:lgLbSvA5ygNOMpwM/9anMpWVlVJ7Z+cHWq/eFuinpGE=
golang.org/x/net v0.0.0-20210505024714-0287a6fb4125 h1:Ugb8sMTWuWRC3+sz5WeN/4kejDx9BvIwnPUiJBjJE+8=
golang.org/x/net v0.0.0-20210505024714-0287a6fb4125/go.mod h1:9nx3DQGgdP8bBQD5qxJ1jj9UTztislL4KSBs9R2vV5Y=
golang.org/x/sys v0.0.0-20201119102817-f84b799fce68/go.mod h1:h1NjWce9XRLGQEsW7wpKNCjG9DtNlClVuFLEZdDNbEs=
golang.org/x/sys v0.0.0-20210423082822-04245dca01da/go.mod h1:h1NjWce9XRLGQEsW7wpKNCjG9DtNlClVuFLEZdDNbEs=
golang.org/x/sys v0.0.0-20220209214540-3681064d5158/go.mod h1:oPkhp1MJrh7nUepCBck5+mAzfO9JrbApNNgaTdGDITg=
golang.org/x/sys v0.0.0-20220503163025-988cb79eb6c6 h1:nonptSpoQ4vQjyraW20DXPAglgQfVnM9ZC6MmNLMR60=
golang.org/x/sys v0.0.0-20220503163025-988cb79eb6c6/go.mod h1:oPkhp1MJrh7nUepCBck5+mAzfO9JrbApNNgaTdGDITg=
golang.org/x/term v0.0.0-20201126162022-7de9c90e9dd1/go.mod h1:bj7SfCRtBDWHUb9snDiAeCFNEtKQo2Wmx5Cou7ajbmo=
golang.org/x/text v0.3.6/go.mod h1:5Zoc/QRtKVWzQhOtBMvqHzDpF6irO9z98xDceosuGiQ=
golang.org/x/tools v0.0.0-20180917221912-90fa682c2a6e/go.mod h1:n7NCudcB/nEzxVGmLbDWY5pfWTLqBcC2KZ6jyYvM4mQ=
golang.org/x/xerrors v0.0.0-20191204190536-9bdfabe68543/go.mod h1:I/5z698sn9Ka8TeJc9MKroUUfqBBauWjQqLJ2OPfmY0=
golang.org/x/xerrors v0.0.0-20200804184101-5ec99f83aff1 h1:go1bK/D/BFZV2I8cIQd1NKEZ+0owSTG1fDTci4IqFcE=
gopkg.in/check.v1 v0.0.0-20161208181325-20d25e280405/go.mod h1:Co6ibVJAznAaIkqp8huTwlJQCZ016jof/cbN4VW5Yz0=
gopkg.in/yaml.v2 v2.2.8/go.mod h1:hI93XBmqTisBFMUTm0b8Fm+jr3Dg1NNxqwp+5A1VGuI=
gopkg.in/yaml.v3 v3.0.0-20210107192922-496545a6307b h1:h8qDotaEPuJATrMmW04NCwg7v22aHH28wwpauUhK9Oo=
